
Microsoft Visual Studio Solution File, Format Version 12.00
# Visual Studio Version 16
VisualStudioVersion = 16.0.30320.27
MinimumVisualStudioVersion = 10.0.40219.1
Project("{F184B08F-C81C-45F6-A57F-5ABD9991F28F}") = "QRQCLibrary", "QRQCLibrary\QRQCLibrary.vbproj", "{09D894F6-A0D8-422D-8281-95D835506583}"
EndProject
Global
	GlobalSection(SolutionConfigurationPlatforms) = preSolution
		Debug|Any CPU = Debug|Any CPU
		Release|Any CPU = Release|Any CPU
	EndGlobalSection
	GlobalSection(ProjectConfigurationPlatforms) = postSolution
		{09D894F6-A0D8-422D-8281-95D835506583}.Debug|Any CPU.ActiveCfg = Debug|Any CPU
		{09D894F6-A0D8-422D-8281-95D835506583}.Debug|Any CPU.Build.0 = Debug|Any CPU
		{09D894F6-A0D8-422D-8281-95D835506583}.Release|Any CPU.ActiveCfg = Release|Any CPU
		{09D894F6-A0D8-422D-8281-95D835506583}.Release|Any CPU.Build.0 = Release|Any CPU
	EndGlobalSection
	GlobalSection(SolutionProperties) = preSolution
		HideSolutionNode = FALSE
	EndGlobalSection
	GlobalSection(ExtensibilityGlobals) = postSolution
		SolutionGuid = {50B83C31-5C67-4BC7-8162-538E61ED394D}
	EndGlobalSection
EndGlobal
